// !$*UTF8*$!
{
	archiveVersion = 1;
	classes = {
	};
	objectVersion = 50;
	objects = {

/* Begin PBXBuildFile section */
		709B7F8825E6D02B00483608 /* Extension.swift in Sources */ = {isa = PBXBuildFile; fileRef = 709B7F8725E6D02B00483608 /* Extension.swift */; };
		709B7F8B25E6D44600483608 /* BannerCollectionViewCell.swift in Sources */ = {isa = PBXBuildFile; fileRef = 709B7F8A25E6D44600483608 /* BannerCollectionViewCell.swift */; };
		709B7F8F25E79BD200483608 /* ProductCollectionViewCell.swift in Sources */ = {isa = PBXBuildFile; fileRef = 709B7F8E25E79BD200483608 /* ProductCollectionViewCell.swift */; };
		709B7F9225E79C0500483608 /* NewsCollectionViewCell.swift in Sources */ = {isa = PBXBuildFile; fileRef = 709B7F9125E79C0500483608 /* NewsCollectionViewCell.swift */; };
		70D1238E25E83EBF00804107 /* SectionHeaderCollectionReusableView.swift in Sources */ = {isa = PBXBuildFile; fileRef = 70D1238D25E83EBF00804107 /* SectionHeaderCollectionReusableView.swift */; };
		70DE6CF425E6B5A8007B11F3 /* AppDelegate.swift in Sources */ = {isa = PBXBuildFile; fileRef = 70DE6CF325E6B5A8007B11F3 /* AppDelegate.swift */; };
		70DE6CF625E6B5A8007B11F3 /* SceneDelegate.swift in Sources */ = {isa = PBXBuildFile; fileRef = 70DE6CF525E6B5A8007B11F3 /* SceneDelegate.swift */; };
		70DE6CF825E6B5A8007B11F3 /* HomeController.swift in Sources */ = {isa = PBXBuildFile; fileRef = 70DE6CF725E6B5A8007B11F3 /* HomeController.swift */; };
		70DE6CFD25E6B5AC007B11F3 /* Assets.xcassets in Resources */ = {isa = PBXBuildFile; fileRef = 70DE6CFC25E6B5AC007B11F3 /* Assets.xcassets */; };
		70DE6D0025E6B5AC007B11F3 /* LaunchScreen.storyboard in Resources */ = {isa = PBXBuildFile; fileRef = 70DE6CFE25E6B5AC007B11F3 /* LaunchScreen.storyboard */; };
/* End PBXBuildFile section */

/* Begin PBXFileReference section */
		709B7F8725E6D02B00483608 /* Extension.swift */ = {isa = PBXFileReference; lastKnownFileType = sourcecode.swift; path = Extension.swift; sourceTree = "<group>"; };
		709B7F8A25E6D44600483608 /* BannerCollectionViewCell.swift */ = {isa = PBXFileReference; lastKnownFileType = sourcecode.swift; path = BannerCollectionViewCell.swift; sourceTree = "<group>"; };
		709B7F8E25E79BD200483608 /* ProductCollectionViewCell.swift */ = {isa = PBXFileReference; lastKnownFileType = sourcecode.swift; path = ProductCollectionViewCell.swift; sourceTree = "<group>"; };
		709B7F9125E79C0500483608 /* NewsCollectionViewCell.swift */ = {isa = PBXFileReference; lastKnownFileType = sourcecode.swift; path = NewsCollectionViewCell.swift; sourceTree = "<group>"; };
		70D1238D25E83EBF00804107 /* SectionHeaderCollectionReusableView.swift */ = {isa = PBXFileReference; lastKnownFileType = sourcecode.swift; path = SectionHeaderCollectionReusableView.swift; sourceTree = "<group>"; };
		70DE6CF025E6B5A8007B11F3 /* 24Seven.app */ = {isa = PBXFileReference; explicitFileType = wrapper.application; includeInIndex = 0; path = 24Seven.app; sourceTree = BUILT_PRODUCTS_DIR; };
		70DE6CF325E6B5A8007B11F3 /* AppDelegate.swift */ = {isa = PBXFileReference; lastKnownFileType = sourcecode.swift; path = AppDelegate.swift; sourceTree = "<group>"; };
		70DE6CF525E6B5A8007B11F3 /* SceneDelegate.swift */ = {isa = PBXFileReference; lastKnownFileType = sourcecode.swift; path = SceneDelegate.swift; sourceTree = "<group>"; };
		70DE6CF725E6B5A8007B11F3 /* HomeController.swift */ = {isa = PBXFileReference; lastKnownFileType = sourcecode.swift; path = HomeController.swift; sourceTree = "<group>"; };
		70DE6CFC25E6B5AC007B11F3 /* Assets.xcassets */ = {isa = PBXFileReference; lastKnownFileType = folder.assetcatalog; path = Assets.xcassets; sourceTree = "<group>"; };
		70DE6CFF25E6B5AC007B11F3 /* Base */ = {isa = PBXFileReference; lastKnownFileType = file.storyboard; name = Base; path = Base.lproj/LaunchScreen.storyboard; sourceTree = "<group>"; };
		70DE6D0125E6B5AC007B11F3 /* Info.plist */ = {isa = PBXFileReference; lastKnownFileType = text.plist.xml; path = Info.plist; sourceTree = "<group>"; };
/* End PBXFileReference section */

/* Begin PBXFrameworksBuildPhase section */
		70DE6CED25E6B5A8007B11F3 /* Frameworks */ = {
			isa = PBXFrameworksBuildPhase;
			buildActionMask = 2147483647;
			files = (
			);
			runOnlyForDeploymentPostprocessing = 0;
		};
/* End PBXFrameworksBuildPhase section */

/* Begin PBXGroup section */
		70DE6CE725E6B5A8007B11F3 = {
			isa = PBXGroup;
			children = (
				70DE6CF225E6B5A8007B11F3 /* 24Seven */,
				70DE6CF125E6B5A8007B11F3 /* Products */,
			);
			sourceTree = "<group>";
		};
		70DE6CF125E6B5A8007B11F3 /* Products */ = {
			isa = PBXGroup;
			children = (
				70DE6CF025E6B5A8007B11F3 /* 24Seven.app */,
			);
			name = Products;
			sourceTree = "<group>";
		};
		70DE6CF225E6B5A8007B11F3 /* 24Seven */ = {
			isa = PBXGroup;
			children = (
				70DE6CF725E6B5A8007B11F3 /* HomeController.swift */,
				709B7F8A25E6D44600483608 /* BannerCollectionViewCell.swift */,
				709B7F8E25E79BD200483608 /* ProductCollectionViewCell.swift */,
				709B7F9125E79C0500483608 /* NewsCollectionViewCell.swift */,
				70D1238D25E83EBF00804107 /* SectionHeaderCollectionReusableView.swift */,
				709B7F8725E6D02B00483608 /* Extension.swift */,
				70DE6D0825E6B604007B11F3 /* Supporting Files */,
				70DE6D0125E6B5AC007B11F3 /* Info.plist */,
			);
			path = 24Seven;
			sourceTree = "<group>";
		};
		70DE6D0825E6B604007B11F3 /* Supporting Files */ = {
			isa = PBXGroup;
			children = (
				70DE6CF325E6B5A8007B11F3 /* AppDelegate.swift */,
				70DE6CF525E6B5A8007B11F3 /* SceneDelegate.swift */,
				70DE6CFC25E6B5AC007B11F3 /* Assets.xcassets */,
				70DE6CFE25E6B5AC007B11F3 /* LaunchScreen.storyboard */,
			);
			path = "Supporting Files";
			sourceTree = "<group>";
		};
/* End PBXGroup section */

/* Begin PBXNativeTarget section */
		70DE6CEF25E6B5A8007B11F3 /* 24Seven */ = {
			isa = PBXNativeTarget;
			buildConfigurationList = 70DE6D0425E6B5AC007B11F3 /* Build configuration list for PBXNativeTarget "24Seven" */;
			buildPhases = (
				70DE6CEC25E6B5A8007B11F3 /* Sources */,
				70DE6CED25E6B5A8007B11F3 /* Frameworks */,
				70DE6CEE25E6B5A8007B11F3 /* Resources */,
			);
			buildRules = (
			);
			dependencies = (
			);
			name = 24Seven;
			productName = 24Seven;
			productReference = 70DE6CF025E6B5A8007B11F3 /* 24Seven.app */;
			productType = "com.apple.product-type.application";
		};
/* End PBXNativeTarget section */

/* Begin PBXProject section */
		70DE6CE825E6B5A8007B11F3 /* Project object */ = {
			isa = PBXProject;
			attributes = {
				LastSwiftUpdateCheck = 1240;
				LastUpgradeCheck = 1240;
				TargetAttributes = {
					70DE6CEF25E6B5A8007B11F3 = {
						CreatedOnToolsVersion = 12.4;
					};
				};
			};
			buildConfigurationList = 70DE6CEB25E6B5A8007B11F3 /* Build configuration list for PBXProject "24Seven" */;
			compatibilityVersion = "Xcode 9.3";
			developmentRegion = en;
			hasScannedForEncodings = 0;
			knownRegions = (
				en,
				Base,
			);
			mainGroup = 70DE6CE725E6B5A8007B11F3;
			productRefGroup = 70DE6CF125E6B5A8007B11F3 /* Products */;
			projectDirPath = "";
			projectRoot = "";
			targets = (
				70DE6CEF25E6B5A8007B11F3 /* 24Seven */,
			);
		};
/* End PBXProject section */

/* Begin PBXResourcesBuildPhase section */
		70DE6CEE25E6B5A8007B11F3 /* Resources */ = {
			isa = PBXResourcesBuildPhase;
			buildActionMask = 2147483647;
			files = (
				70DE6D0025E6B5AC007B11F3 /* LaunchScreen.storyboard in Resources */,
				70DE6CFD25E6B5AC007B11F3 /* Assets.xcassets in Resources */,
			);
			runOnlyForDeploymentPostprocessing = 0;
		};
/* End PBXResourcesBuildPhase section */

/* Begin PBXSourcesBuildPhase section */
		70DE6CEC25E6B5A8007B11F3 /* Sources */ = {
			isa = PBXSourcesBuildPhase;
			buildActionMask = 2147483647;
			files = (
				70DE6CF825E6B5A8007B11F3 /* HomeController.swift in Sources */,
				709B7F9225E79C0500483608 /* NewsCollectionViewCell.swift in Sources */,
				70DE6CF425E6B5A8007B11F3 /* AppDelegate.swift in Sources */,
				70DE6CF625E6B5A8007B11F3 /* SceneDelegate.swift in Sources */,
				70D1238E25E83EBF00804107 /* SectionHeaderCollectionReusableView.swift in Sources */,
				709B7F8B25E6D44600483608 /* BannerCollectionViewCell.swift in Sources */,
				709B7F8F25E79BD200483608 /* ProductCollectionViewCell.swift in Sources */,
				709B7F8825E6D02B00483608 /* Extension.swift in Sources */,
			);
			runOnlyForDeploymentPostprocessing = 0;
		};
/* End PBXSourcesBuildPhase section */

/* Begin PBXVariantGroup section */
		70DE6CFE25E6B5AC007B11F3 /* LaunchScreen.storyboard */ = {
			isa = PBXVariantGroup;
			children = (
				70DE6CFF25E6B5AC007B11F3 /* Base */,
			);
			name = LaunchScreen.storyboard;
			sourceTree = "<group>";
		};
/* End PBXVariantGroup section */

/* Begin XCBuildConfiguration section */
		70DE6D0225E6B5AC007B11F3 /* Debug */ = {
			isa = XCBuildConfiguration;
			buildSettings = {
				ALWAYS_SEARCH_USER_PATHS = NO;
				CLANG_ANALYZER_NONNULL = YES;
				CLANG_ANALYZER_NUMBER_OBJECT_CONVERSION = YES_AGGRESSIVE;
				CLANG_CXX_LANGUAGE_STANDARD = "gnu++14";
				CLANG_CXX_LIBRARY = "libc++";
				CLANG_ENABLE_MODULES = YES;
				CLANG_ENABLE_OBJC_ARC = YES;
				CLANG_ENABLE_OBJC_WEAK = YES;
				CLANG_WARN_BLOCK_CAPTURE_AUTORELEASING = YES;
				CLANG_WARN_BOOL_CONVERSION = YES;
				CLANG_WARN_COMMA = YES;
				CLANG_WARN_CONSTANT_CONVERSION = YES;
				CLANG_WARN_DEPRECATED_OBJC_IMPLEMENTATIONS = YES;
				CLANG_WARN_DIRECT_OBJC_ISA_USAGE = YES_ERROR;
				CLANG_WARN_DOCUMENTATION_COMMENTS = YES;
				CLANG_WARN_EMPTY_BODY = YES;
				CLANG_WARN_ENUM_CONVERSION = YES;
				CLANG_WARN_INFINITE_RECURSION = YES;
				CLANG_WARN_INT_CONVERSION = YES;
				CLANG_WARN_NON_LITERAL_NULL_CONVERSION = YES;
				CLANG_WARN_OBJC_IMPLICIT_RETAIN_SELF = YES;
				CLANG_WARN_OBJC_LITERAL_CONVERSION = YES;
				CLANG_WARN_OBJC_ROOT_CLASS = YES_ERROR;
				CLANG_WARN_QUOTED_INCLUDE_IN_FRAMEWORK_HEADER = YES;
				CLANG_WARN_RANGE_LOOP_ANALYSIS = YES;
				CLANG_WARN_STRICT_PROTOTYPES = YES;
				CLANG_WARN_SUSPICIOUS_MOVE = YES;
				CLANG_WARN_UNGUARDED_AVAILABILITY = YES_AGGRESSIVE;
				CLANG_WARN_UNREACHABLE_CODE = YES;
				CLANG_WARN__DUPLICATE_METHOD_MATCH = YES;
				COPY_PHASE_STRIP = NO;
				DEBUG_INFORMATION_FORMAT = dwarf;
				ENABLE_STRICT_OBJC_MSGSEND = YES;
				ENABLE_TESTABILITY = YES;
				GCC_C_LANGUAGE_STANDARD = gnu11;
				GCC_DYNAMIC_NO_PIC = NO;
				GCC_NO_COMMON_BLOCKS = YES;
				GCC_OPTIMIZATION_LEVEL = 0;
				GCC_PREPROCESSOR_DEFINITIONS = (
					"DEBUG=1",
					"$(inherited)",
				);
				GCC_WARN_64_TO_32_BIT_CONVERSION = YES;
				GCC_WARN_ABOUT_RETURN_TYPE = YES_ERROR;
				GCC_WARN_UNDECLARED_SELECTOR = YES;
				GCC_WARN_UNINITIALIZED_AUTOS = YES_AGGRESSIVE;
				GCC_WARN_UNUSED_FUNCTION = YES;
				GCC_WARN_UNUSED_VARIABLE = YES;
				IPHONEOS_DEPLOYMENT_TARGET = 14.4;
				MTL_ENABLE_DEBUG_INFO = INCLUDE_SOURCE;
				MTL_FAST_MATH = YES;
				ONLY_ACTIVE_ARCH = YES;
				SDKROOT = iphoneos;
				SWIFT_ACTIVE_COMPILATION_CONDITIONS = DEBUG;
				SWIFT_OPTIMIZATION_LEVEL = "-Onone";
			};
			name = Debug;
		};
		70DE6D0325E6B5AC007B11F3 /* Release */ = {
			isa = XCBuildConfiguration;
			buildSettings = {
				ALWAYS_SEARCH_USER_PATHS = NO;
				CLANG_ANALYZER_NONNULL = YES;
				CLANG_ANALYZER_NUMBER_OBJECT_CONVERSION = YES_AGGRESSIVE;
				CLANG_CXX_LANGUAGE_STANDARD = "gnu++14";
				CLANG_CXX_LIBRARY = "libc++";
				CLANG_ENABLE_MODULES = YES;
				CLANG_ENABLE_OBJC_ARC = YES;
				CLANG_ENABLE_OBJC_WEAK = YES;
				CLANG_WARN_BLOCK_CAPTURE_AUTORELEASING = YES;
				CLANG_WARN_BOOL_CONVERSION = YES;
				CLANG_WARN_COMMA = YES;
				CLANG_WARN_CONSTANT_CONVERSION = YES;
				CLANG_WARN_DEPRECATED_OBJC_IMPLEMENTATIONS = YES;
				CLANG_WARN_DIRECT_OBJC_ISA_USAGE = YES_ERROR;
				CLANG_WARN_DOCUMENTATION_COMMENTS = YES;
				CLANG_WARN_EMPTY_BODY = YES;
				CLANG_WARN_ENUM_CONVERSION = YES;
				CLANG_WARN_INFINITE_RECURSION = YES;
				CLANG_WARN_INT_CONVERSION = YES;
				CLANG_WARN_NON_LITERAL_NULL_CONVERSION = YES;
				CLANG_WARN_OBJC_IMPLICIT_RETAIN_SELF = YES;
				CLANG_WARN_OBJC_LITERAL_CONVERSION = YES;
				CLANG_WARN_OBJC_ROOT_CLASS = YES_ERROR;
				CLANG_WARN_QUOTED_INCLUDE_IN_FRAMEWORK_HEADER = YES;
				CLANG_WARN_RANGE_LOOP_ANALYSIS = YES;
				CLANG_WARN_STRICT_PROTOTYPES = YES;
				CLANG_WARN_SUSPICIOUS_MOVE = YES;
				CLANG_WARN_UNGUARDED_AVAILABILITY = YES_AGGRESSIVE;
				CLANG_WARN_UNREACHABLE_CODE = YES;
				CLANG_WARN__DUPLICATE_METHOD_MATCH = YES;
				COPY_PHASE_STRIP = NO;
				DEBUG_INFORMATION_FORMAT = "dwarf-with-dsym";
				ENABLE_NS_ASSERTIONS = NO;
				ENABLE_STRICT_OBJC_MSGSEND = YES;
				GCC_C_LANGUAGE_STANDARD = gnu11;
				GCC_NO_COMMON_BLOCKS = YES;
				GCC_WARN_64_TO_32_BIT_CONVERSION = YES;
				GCC_WARN_ABOUT_RETURN_TYPE = YES_ERROR;
				GCC_WARN_UNDECLARED_SELECTOR = YES;
				GCC_WARN_UNINITIALIZED_AUTOS = YES_AGGRESSIVE;
				GCC_WARN_UNUSED_FUNCTION = YES;
				GCC_WARN_UNUSED_VARIABLE = YES;
				IPHONEOS_DEPLOYMENT_TARGET = 14.4;
				MTL_ENABLE_DEBUG_INFO = NO;
				MTL_FAST_MATH = YES;
				SDKROOT = iphoneos;
				SWIFT_COMPILATION_MODE = wholemodule;
				SWIFT_OPTIMIZATION_LEVEL = "-O";
				VALIDATE_PRODUCT = YES;
			};
			name = Release;
		};
		70DE6D0525E6B5AC007B11F3 /* Debug */ = {
			isa = XCBuildConfiguration;
			buildSettings = {
				ASSETCATALOG_COMPILER_APPICON_NAME = AppIcon;
				ASSETCATALOG_COMPILER_GLOBAL_ACCENT_COLOR_NAME = AccentColor;
				CODE_SIGN_STYLE = Automatic;
				DEVELOPMENT_TEAM = VPJ4257952;
				INFOPLIST_FILE = 24Seven/Info.plist;
				LD_RUNPATH_SEARCH_PATHS = (
					"$(inherited)",
					"@executable_path/Frameworks",
				);
				PRODUCT_BUNDLE_IDENTIFIER = "com.aj.-4Seven";
				PRODUCT_NAME = "$(TARGET_NAME)";
				SWIFT_VERSION = 5.0;
				TARGETED_DEVICE_FAMILY = "1,2";
			};
			name = Debug;
		};
		70DE6D0625E6B5AC007B11F3 /* Release */ = {
			isa = XCBuildConfiguration;
			buildSettings = {
				ASSETCATALOG_COMPILER_APPICON_NAME = AppIcon;
				ASSETCATALOG_COMPILER_GLOBAL_ACCENT_COLOR_NAME = AccentColor;
				CODE_SIGN_STYLE = Automatic;
				DEVELOPMENT_TEAM = VPJ4257952;
				INFOPLIST_FILE = 24Seven/Info.plist;
				LD_RUNPATH_SEARCH_PATHS = (
					"$(inherited)",
					"@executable_path/Frameworks",
				);
				PRODUCT_BUNDLE_IDENTIFIER = "com.aj.-4Seven";
				PRODUCT_NAME = "$(TARGET_NAME)";
				SWIFT_VERSION = 5.0;
				TARGETED_DEVICE_FAMILY = "1,2";
			};
			name = Release;
		};
/* End XCBuildConfiguration section */

/* Begin XCConfigurationList section */
		70DE6CEB25E6B5A8007B11F3 /* Build configuration list for PBXProject "24Seven" */ = {
			isa = XCConfigurationList;
			buildConfigurations = (
				70DE6D0225E6B5AC007B11F3 /* Debug */,
				70DE6D0325E6B5AC007B11F3 /* Release */,
			);
			defaultConfigurationIsVisible = 0;
			defaultConfigurationName = Release;
		};
		70DE6D0425E6B5AC007B11F3 /* Build configuration list for PBXNativeTarget "24Seven" */ = {
			isa = XCConfigurationList;
			buildConfigurations = (
				70DE6D0525E6B5AC007B11F3 /* Debug */,
				70DE6D0625E6B5AC007B11F3 /* Release */,
			);
			defaultConfigurationIsVisible = 0;
			defaultConfigurationName = Release;
		};
/* End XCConfigurationList section */
	};
	rootObject = 70DE6CE825E6B5A8007B11F3 /* Project object */;
}
